
Microsoft Visual Studio Solution File, Format Version 12.00
# Visual Studio 15
VisualStudioVersion = 15.0.26124.0
MinimumVisualStudioVersion = 15.0.26124.0
Project("{FAE04EC0-301F-11D3-BF4B-00C04F79EFBC}") = "Domain", "Domain\Domain.csproj", "{62F72EC5-FEC7-42ED-88BF-0049B76C4CC7}"
EndProject
Project("{FAE04EC0-301F-11D3-BF4B-00C04F79EFBC}") = "Application", "Application\Application.csproj", "{9D305F3E-B7D0-486E-9EE5-917161F48D1B}"
EndProject
Project("{FAE04EC0-301F-11D3-BF4B-00C04F79EFBC}") = "Persistence", "Persistence\Persistence.csproj", "{EF974B30-4FB8-4361-ACA8-E9FBF05D7A4A}"
EndProject
Project("{FAE04EC0-301F-11D3-BF4B-00C04F79EFBC}") = "API", "API\API.csproj", "{E7E158D9-21A3-4C39-8E15-1E6D241F38D2}"
EndProject
Global
	GlobalSection(SolutionConfigurationPlatforms) = preSolution
		Debug|Any CPU = Debug|Any CPU
		Debug|x64 = Debug|x64
		Debug|x86 = Debug|x86
		Release|Any CPU = Release|Any CPU
		Release|x64 = Release|x64
		Release|x86 = Release|x86
	EndGlobalSection
	GlobalSection(SolutionProperties) = preSolution
		HideSolutionNode = FALSE
	EndGlobalSection
	GlobalSection(ProjectConfigurationPlatforms) = postSolution
		{62F72EC5-FEC7-42ED-88BF-0049B76C4CC7}.Debug|Any CPU.ActiveCfg = Debug|Any CPU
		{62F72EC5-FEC7-42ED-88BF-0049B76C4CC7}.Debug|Any CPU.Build.0 = Debug|Any CPU
		{62F72EC5-FEC7-42ED-88BF-0049B76C4CC7}.Debug|x64.ActiveCfg = Debug|Any CPU
		{62F72EC5-FEC7-42ED-88BF-0049B76C4CC7}.Debug|x64.Build.0 = Debug|Any CPU
		{62F72EC5-FEC7-42ED-88BF-0049B76C4CC7}.Debug|x86.ActiveCfg = Debug|Any CPU
		{62F72EC5-FEC7-42ED-88BF-0049B76C4CC7}.Debug|x86.Build.0 = Debug|Any CPU
		{62F72EC5-FEC7-42ED-88BF-0049B76C4CC7}.Release|Any CPU.ActiveCfg = Release|Any CPU
		{62F72EC5-FEC7-42ED-88BF-0049B76C4CC7}.Release|Any CPU.Build.0 = Release|Any CPU
		{62F72EC5-FEC7-42ED-88BF-0049B76C4CC7}.Release|x64.ActiveCfg = Release|Any CPU
		{62F72EC5-FEC7-42ED-88BF-0049B76C4CC7}.Release|x64.Build.0 = Release|Any CPU
		{62F72EC5-FEC7-42ED-88BF-0049B76C4CC7}.Release|x86.ActiveCfg = Release|Any CPU
		{62F72EC5-FEC7-42ED-88BF-0049B76C4CC7}.Release|x86.Build.0 = Release|Any CPU
		{9D305F3E-B7D0-486E-9EE5-917161F48D1B}.Debug|Any CPU.ActiveCfg = Debug|Any CPU
		{9D305F3E-B7D0-486E-9EE5-917161F48D1B}.Debug|Any CPU.Build.0 = Debug|Any CPU
		{9D305F3E-B7D0-486E-9EE5-917161F48D1B}.Debug|x64.ActiveCfg = Debug|Any CPU
		{9D305F3E-B7D0-486E-9EE5-917161F48D1B}.Debug|x64.Build.0 = Debug|Any CPU
		{9D305F3E-B7D0-486E-9EE5-917161F48D1B}.Debug|x86.ActiveCfg = Debug|Any CPU
		{9D305F3E-B7D0-486E-9EE5-917161F48D1B}.Debug|x86.Build.0 = Debug|Any CPU
		{9D305F3E-B7D0-486E-9EE5-917161F48D1B}.Release|Any CPU.ActiveCfg = Release|Any CPU
		{9D305F3E-B7D0-486E-9EE5-917161F48D1B}.Release|Any CPU.Build.0 = Release|Any CPU
		{9D305F3E-B7D0-486E-9EE5-917161F48D1B}.Release|x64.ActiveCfg = Release|Any CPU
		{9D305F3E-B7D0-486E-9EE5-917161F48D1B}.Release|x64.Build.0 = Release|Any CPU
		{9D305F3E-B7D0-486E-9EE5-917161F48D1B}.Release|x86.ActiveCfg = Release|Any CPU
		{9D305F3E-B7D0-486E-9EE5-917161F48D1B}.Release|x86.Build.0 = Release|Any CPU
		{EF974B30-4FB8-4361-ACA8-E9FBF05D7A4A}.Debug|Any CPU.ActiveCfg = Debug|Any CPU
		{EF974B30-4FB8-4361-ACA8-E9FBF05D7A4A}.Debug|Any CPU.Build.0 = Debug|Any CPU
		{EF974B30-4FB8-4361-ACA8-E9FBF05D7A4A}.Debug|x64.ActiveCfg = Debug|Any CPU
		{EF974B30-4FB8-4361-ACA8-E9FBF05D7A4A}.Debug|x64.Build.0 = Debug|Any CPU
		{EF974B30-4FB8-4361-ACA8-E9FBF05D7A4A}.Debug|x86.ActiveCfg = Debug|Any CPU
		{EF974B30-4FB8-4361-ACA8-E9FBF05D7A4A}.Debug|x86.Build.0 = Debug|Any CPU
		{EF974B30-4FB8-4361-ACA8-E9FBF05D7A4A}.Release|Any CPU.ActiveCfg = Release|Any CPU
		{EF974B30-4FB8-4361-ACA8-E9FBF05D7A4A}.Release|Any CPU.Build.0 = Release|Any CPU
		{EF974B30-4FB8-4361-ACA8-E9FBF05D7A4A}.Release|x64.ActiveCfg = Release|Any CPU
		{EF974B30-4FB8-4361-ACA8-E9FBF05D7A4A}.Release|x64.Build.0 = Release|Any CPU
		{EF974B30-4FB8-4361-ACA8-E9FBF05D7A4A}.Release|x86.ActiveCfg = Release|Any CPU
		{EF974B30-4FB8-4361-ACA8-E9FBF05D7A4A}.Release|x86.Build.0 = Release|Any CPU
		{E7E158D9-21A3-4C39-8E15-1E6D241F38D2}.Debug|Any CPU.ActiveCfg = Debug|Any CPU
		{E7E158D9-21A3-4C39-8E15-1E6D241F38D2}.Debug|Any CPU.Build.0 = Debug|Any CPU
		{E7E158D9-21A3-4C39-8E15-1E6D241F38D2}.Debug|x64.ActiveCfg = Debug|Any CPU
		{E7E158D9-21A3-4C39-8E15-1E6D241F38D2}.Debug|x64.Build.0 = Debug|Any CPU
		{E7E158D9-21A3-4C39-8E15-1E6D241F38D2}.Debug|x86.ActiveCfg = Debug|Any CPU
		{E7E158D9-21A3-4C39-8E15-1E6D241F38D2}.Debug|x86.Build.0 = Debug|Any CPU
		{E7E158D9-21A3-4C39-8E15-1E6D241F38D2}.Release|Any CPU.ActiveCfg = Release|Any CPU
		{E7E158D9-21A3-4C39-8E15-1E6D241F38D2}.Release|Any CPU.Build.0 = Release|Any CPU
		{E7E158D9-21A3-4C39-8E15-1E6D241F38D2}.Release|x64.ActiveCfg = Release|Any CPU
		{E7E158D9-21A3-4C39-8E15-1E6D241F38D2}.Release|x64.Build.0 = Release|Any CPU
		{E7E158D9-21A3-4C39-8E15-1E6D241F38D2}.Release|x86.ActiveCfg = Release|Any CPU
		{E7E158D9-21A3-4C39-8E15-1E6D241F38D2}.Release|x86.Build.0 = Release|Any CPU
	EndGlobalSection
EndGlobal
